
Microsoft Visual Studio Solution File, Format Version 12.00
# Visual Studio 2013
VisualStudioVersion = 12.0.31101.0
MinimumVisualStudioVersion = 10.0.40219.1
Project("{2150E333-8FDC-42A3-9474-1A3956D46DE8}") = "jquery", "jquery", "{0F6EC0BB-B970-4DA2-84BD-E851D33A4EE7}"
	ProjectSection(SolutionItems) = preProject
		jquery\jquery-tests.ts = jquery\jquery-tests.ts
		jquery\jquery.d.ts = jquery\jquery.d.ts
	EndProjectSection
EndProject
Global
	GlobalSection(SolutionProperties) = preSolution
		HideSolutionNode = FALSE
	EndGlobalSection
EndGlobal
