# THIS IS AN AUTOGENERATED FILE. DO NOT EDIT THIS FILE DIRECTLY.
# yarn lockfile v1


guacamole-client@^1.0.0:
  version "1.0.0"
  resolved "https://registry.yarnpkg.com/guacamole-client/-/guacamole-client-1.0.0.tgz#a0b4d8d3e0fd348baaa12c4a6ecd3e264790bbd9"
  integrity sha512-kiuKVbqPP5dbKRsoBKxx6q45aG/bHgFM6KFhH0dwfkEWbF8ed7wwzwnvY3FpbqIBAa643PRlIiCC848v4HGUIA==

typescript@^3.9.5:
  version "3.9.5"
  resolved "https://registry.yarnpkg.com/typescript/-/typescript-3.9.5.tgz#586f0dba300cde8be52dd1ac4f7e1009c1b13f36"
  integrity sha512-hSAifV3k+i6lEoCJ2k6R2Z/rp/H3+8sdmcn5NrS3/3kE7+RyZXm9aqvxWqjEXHAd8b0pShatpcdMTvEdvAJltQ==
